
Microsoft Visual Studio Solution File, Format Version 12.00
# Visual Studio Version 17
VisualStudioVersion = 17.0.31612.314
MinimumVisualStudioVersion = 10.0.40219.1
Project("{FAE04EC0-301F-11D3-BF4B-00C04F79EFBC}") = "MyWallet", "MyWallet\MyWallet.csproj", "{6C7D853D-F02A-414B-94CD-54B48E7633D2}"
EndProject
Project("{FAE04EC0-301F-11D3-BF4B-00C04F79EFBC}") = "MyWallet.Data", "MyWallet.Data\MyWallet.Data.csproj", "{48C830FA-FA88-4E93-92E7-80052296BE33}"
EndProject
Project("{FAE04EC0-301F-11D3-BF4B-00C04F79EFBC}") = "MyWallet.Services", "MyWallet.Services\MyWallet.Services.csproj", "{716EE2C2-91A5-4FA4-90E7-9E6FBD50C474}"
EndProject
Global
	GlobalSection(SolutionConfigurationPlatforms) = preSolution
		Debug|Any CPU = Debug|Any CPU
		Release|Any CPU = Release|Any CPU
	EndGlobalSection
	GlobalSection(ProjectConfigurationPlatforms) = postSolution
		{6C7D853D-F02A-414B-94CD-54B48E7633D2}.Debug|Any CPU.ActiveCfg = Debug|Any CPU
		{6C7D853D-F02A-414B-94CD-54B48E7633D2}.Debug|Any CPU.Build.0 = Debug|Any CPU
		{6C7D853D-F02A-414B-94CD-54B48E7633D2}.Release|Any CPU.ActiveCfg = Release|Any CPU
		{6C7D853D-F02A-414B-94CD-54B48E7633D2}.Release|Any CPU.Build.0 = Release|Any CPU
		{48C830FA-FA88-4E93-92E7-80052296BE33}.Debug|Any CPU.ActiveCfg = Debug|Any CPU
		{48C830FA-FA88-4E93-92E7-80052296BE33}.Debug|Any CPU.Build.0 = Debug|Any CPU
		{48C830FA-FA88-4E93-92E7-80052296BE33}.Release|Any CPU.ActiveCfg = Release|Any CPU
		{48C830FA-FA88-4E93-92E7-80052296BE33}.Release|Any CPU.Build.0 = Release|Any CPU
		{716EE2C2-91A5-4FA4-90E7-9E6FBD50C474}.Debug|Any CPU.ActiveCfg = Debug|Any CPU
		{716EE2C2-91A5-4FA4-90E7-9E6FBD50C474}.Debug|Any CPU.Build.0 = Debug|Any CPU
		{716EE2C2-91A5-4FA4-90E7-9E6FBD50C474}.Release|Any CPU.ActiveCfg = Release|Any CPU
		{716EE2C2-91A5-4FA4-90E7-9E6FBD50C474}.Release|Any CPU.Build.0 = Release|Any CPU
	EndGlobalSection
	GlobalSection(SolutionProperties) = preSolution
		HideSolutionNode = FALSE
	EndGlobalSection
	GlobalSection(ExtensibilityGlobals) = postSolution
		SolutionGuid = {030329DC-93FA-4BA0-B5AF-1DFB4792EA43}
	EndGlobalSection
EndGlobal
